
Microsoft Visual Studio Solution File, Format Version 12.00
Project("{FAE04EC0-301F-11D3-BF4B-00C04F79EFBC}") = "AdventOfCodeConsole", "AdventOfCodeConsole\AdventOfCodeConsole.csproj", "{57F37D32-E246-4616-9CBE-3D9CBBE8E41B}"
EndProject
Project("{FAE04EC0-301F-11D3-BF4B-00C04F79EFBC}") = "AocDay1", "AocDay1\AocDay1.csproj", "{ACE840C6-288D-4F90-A06C-FE3E0725D69B}"
EndProject
Project("{2150E333-8FDC-42A3-9474-1A3956D46DE8}") = "Days", "Days", "{879392EA-F1AB-4D01-941B-8DB7BBB68AA3}"
EndProject
Project("{FAE04EC0-301F-11D3-BF4B-00C04F79EFBC}") = "Common", "Common\Common.csproj", "{9BFF7BED-0D09-4A88-A427-9E8BF9FE3A93}"
EndProject
Project("{FAE04EC0-301F-11D3-BF4B-00C04F79EFBC}") = "AocDay2", "AocDay2\AocDay2.csproj", "{D3A5127A-7ABB-484F-AEED-2D055A553773}"
EndProject
Project("{FAE04EC0-301F-11D3-BF4B-00C04F79EFBC}") = "AocDay3", "AocDay3\AocDay3.csproj", "{2BB18485-AA73-4B2B-A83A-3359F46F1592}"
EndProject
Project("{FAE04EC0-301F-11D3-BF4B-00C04F79EFBC}") = "AocDay4", "AocDay4\AocDay4.csproj", "{74A05473-4BAD-4CD8-A38A-A7A2E7F5596A}"
EndProject
Project("{FAE04EC0-301F-11D3-BF4B-00C04F79EFBC}") = "AocDay5", "AocDay5\AocDay5.csproj", "{9D9B9C90-760F-4ED6-8092-B75EBD730A27}"
EndProject
Project("{FAE04EC0-301F-11D3-BF4B-00C04F79EFBC}") = "AocDay6", "AocDay6\AocDay6.csproj", "{B23FBFC1-BF47-4B29-8CEC-2507EC175651}"
EndProject
Project("{FAE04EC0-301F-11D3-BF4B-00C04F79EFBC}") = "AocDay9", "AocDay9\AocDay9.csproj", "{E87182B8-BBC7-443F-8EF3-C9DA79E5D0B4}"
EndProject
Global
	GlobalSection(SolutionConfigurationPlatforms) = preSolution
		Debug|Any CPU = Debug|Any CPU
		Release|Any CPU = Release|Any CPU
	EndGlobalSection
	GlobalSection(ProjectConfigurationPlatforms) = postSolution
		{57F37D32-E246-4616-9CBE-3D9CBBE8E41B}.Debug|Any CPU.ActiveCfg = Debug|Any CPU
		{57F37D32-E246-4616-9CBE-3D9CBBE8E41B}.Debug|Any CPU.Build.0 = Debug|Any CPU
		{57F37D32-E246-4616-9CBE-3D9CBBE8E41B}.Release|Any CPU.ActiveCfg = Release|Any CPU
		{57F37D32-E246-4616-9CBE-3D9CBBE8E41B}.Release|Any CPU.Build.0 = Release|Any CPU
		{ACE840C6-288D-4F90-A06C-FE3E0725D69B}.Debug|Any CPU.ActiveCfg = Debug|Any CPU
		{ACE840C6-288D-4F90-A06C-FE3E0725D69B}.Debug|Any CPU.Build.0 = Debug|Any CPU
		{ACE840C6-288D-4F90-A06C-FE3E0725D69B}.Release|Any CPU.ActiveCfg = Release|Any CPU
		{ACE840C6-288D-4F90-A06C-FE3E0725D69B}.Release|Any CPU.Build.0 = Release|Any CPU
		{9BFF7BED-0D09-4A88-A427-9E8BF9FE3A93}.Debug|Any CPU.ActiveCfg = Debug|Any CPU
		{9BFF7BED-0D09-4A88-A427-9E8BF9FE3A93}.Debug|Any CPU.Build.0 = Debug|Any CPU
		{9BFF7BED-0D09-4A88-A427-9E8BF9FE3A93}.Release|Any CPU.ActiveCfg = Release|Any CPU
		{9BFF7BED-0D09-4A88-A427-9E8BF9FE3A93}.Release|Any CPU.Build.0 = Release|Any CPU
		{D3A5127A-7ABB-484F-AEED-2D055A553773}.Debug|Any CPU.ActiveCfg = Debug|Any CPU
		{D3A5127A-7ABB-484F-AEED-2D055A553773}.Debug|Any CPU.Build.0 = Debug|Any CPU
		{D3A5127A-7ABB-484F-AEED-2D055A553773}.Release|Any CPU.ActiveCfg = Release|Any CPU
		{D3A5127A-7ABB-484F-AEED-2D055A553773}.Release|Any CPU.Build.0 = Release|Any CPU
		{2BB18485-AA73-4B2B-A83A-3359F46F1592}.Debug|Any CPU.ActiveCfg = Debug|Any CPU
		{2BB18485-AA73-4B2B-A83A-3359F46F1592}.Debug|Any CPU.Build.0 = Debug|Any CPU
		{2BB18485-AA73-4B2B-A83A-3359F46F1592}.Release|Any CPU.ActiveCfg = Release|Any CPU
		{2BB18485-AA73-4B2B-A83A-3359F46F1592}.Release|Any CPU.Build.0 = Release|Any CPU
		{74A05473-4BAD-4CD8-A38A-A7A2E7F5596A}.Debug|Any CPU.ActiveCfg = Debug|Any CPU
		{74A05473-4BAD-4CD8-A38A-A7A2E7F5596A}.Debug|Any CPU.Build.0 = Debug|Any CPU
		{74A05473-4BAD-4CD8-A38A-A7A2E7F5596A}.Release|Any CPU.ActiveCfg = Release|Any CPU
		{74A05473-4BAD-4CD8-A38A-A7A2E7F5596A}.Release|Any CPU.Build.0 = Release|Any CPU
		{9D9B9C90-760F-4ED6-8092-B75EBD730A27}.Debug|Any CPU.ActiveCfg = Debug|Any CPU
		{9D9B9C90-760F-4ED6-8092-B75EBD730A27}.Debug|Any CPU.Build.0 = Debug|Any CPU
		{9D9B9C90-760F-4ED6-8092-B75EBD730A27}.Release|Any CPU.ActiveCfg = Release|Any CPU
		{9D9B9C90-760F-4ED6-8092-B75EBD730A27}.Release|Any CPU.Build.0 = Release|Any CPU
		{B23FBFC1-BF47-4B29-8CEC-2507EC175651}.Debug|Any CPU.ActiveCfg = Debug|Any CPU
		{B23FBFC1-BF47-4B29-8CEC-2507EC175651}.Debug|Any CPU.Build.0 = Debug|Any CPU
		{B23FBFC1-BF47-4B29-8CEC-2507EC175651}.Release|Any CPU.ActiveCfg = Release|Any CPU
		{B23FBFC1-BF47-4B29-8CEC-2507EC175651}.Release|Any CPU.Build.0 = Release|Any CPU
		{E87182B8-BBC7-443F-8EF3-C9DA79E5D0B4}.Debug|Any CPU.ActiveCfg = Debug|Any CPU
		{E87182B8-BBC7-443F-8EF3-C9DA79E5D0B4}.Debug|Any CPU.Build.0 = Debug|Any CPU
		{E87182B8-BBC7-443F-8EF3-C9DA79E5D0B4}.Release|Any CPU.ActiveCfg = Release|Any CPU
		{E87182B8-BBC7-443F-8EF3-C9DA79E5D0B4}.Release|Any CPU.Build.0 = Release|Any CPU
	EndGlobalSection
	GlobalSection(NestedProjects) = preSolution
		{ACE840C6-288D-4F90-A06C-FE3E0725D69B} = {879392EA-F1AB-4D01-941B-8DB7BBB68AA3}
		{D3A5127A-7ABB-484F-AEED-2D055A553773} = {879392EA-F1AB-4D01-941B-8DB7BBB68AA3}
		{2BB18485-AA73-4B2B-A83A-3359F46F1592} = {879392EA-F1AB-4D01-941B-8DB7BBB68AA3}
		{74A05473-4BAD-4CD8-A38A-A7A2E7F5596A} = {879392EA-F1AB-4D01-941B-8DB7BBB68AA3}
		{9D9B9C90-760F-4ED6-8092-B75EBD730A27} = {879392EA-F1AB-4D01-941B-8DB7BBB68AA3}
		{B23FBFC1-BF47-4B29-8CEC-2507EC175651} = {879392EA-F1AB-4D01-941B-8DB7BBB68AA3}
		{E87182B8-BBC7-443F-8EF3-C9DA79E5D0B4} = {879392EA-F1AB-4D01-941B-8DB7BBB68AA3}
	EndGlobalSection
EndGlobal
